{
  "name": "contacts",
  "version": "0.0.1",
  "lockfileVersion": 1,
  "requires": true,
  "dependencies": {
    "axios": {
      "version": "0.18.0",
      "resolved": "https://registry.npmjs.org/axios/-/axios-0.18.0.tgz",
      "integrity": "sha1-MtU+SFHv3AoRmTts0AB4nXDAUQI=",
      "requires": {
        "follow-redirects": "^1.3.0",
        "is-buffer": "^1.1.5"
      }
    },
    "axios-cancel": {
      "version": "0.2.2",
      "resolved": "https://registry.npmjs.org/axios-cancel/-/axios-cancel-0.2.2.tgz",
      "integrity": "sha1-pYc2jS80xLqo3PJTjYJk2xO2Q88="
    },
    "debug": {
      "version": "3.2.6",
      "resolved": "https://registry.npmjs.org/debug/-/debug-3.2.6.tgz",
      "integrity": "sha512-mel+jf7nrtEl5Pn1Qx46zARXKDpBbvzezse7p7LqINmdoIk8PYP5SySaxEmYv6TZ0JyEKA1hsCId6DIhgITtWQ==",
      "requires": {
        "ms": "^2.1.1"
      }
    },
    "dropzone": {
      "version": "5.5.1",
      "resolved": "https://registry.npmjs.org/dropzone/-/dropzone-5.5.1.tgz",
      "integrity": "sha512-3VduRWLxx9hbVr42QieQN25mx/I61/mRdUSuxAmDGdDqZIN8qtP7tcKMa3KfpJjuGjOJGYYUzzeq6eGDnkzesA=="
    },
    "follow-redirects": {
      "version": "1.7.0",
      "resolved": "https://registry.npmjs.org/follow-redirects/-/follow-redirects-1.7.0.tgz",
      "integrity": "sha512-m/pZQy4Gj287eNy94nivy5wchN3Kp+Q5WgUPNy5lJSZ3sgkVKSYV/ZChMAQVIgx1SqfZ2zBZtPA2YlXIWxxJOQ==",
      "requires": {
        "debug": "^3.2.6"
      }
    },
    "freyja-ui": {
      "version": "0.0.34",
      "resolved": "https://npm-proxy.fury.io/humanitec/~/d/freyja-ui/freyja-ui-0.0.34",
      "integrity": "sha1-OMc/D29tI81K22EMUgmS1KYeWsw=",
      "requires": {
        "moment": "^2.24.0",
        "ngx-dropzone-wrapper": "^7.2.1",
        "ngx-mydatepicker": "^2.4.9",
        "rxjs": "~6.3.3",
        "tslib": "^1.9.0"
      },
      "dependencies": {
        "rxjs": {
          "version": "6.3.3",
          "resolved": "https://registry.npmjs.org/rxjs/-/rxjs-6.3.3.tgz",
          "integrity": "sha512-JTWmoY9tWCs7zvIk/CvRjhjGaOd+OVBM987mxFo+OW66cGpdKjZcpmc74ES1sB//7Kl/PAe8+wEakuhG4pcgOw==",
          "requires": {
            "tslib": "^1.9.0"
          }
        }
      }
    },
    "is-buffer": {
      "version": "1.1.6",
      "resolved": "https://registry.npmjs.org/is-buffer/-/is-buffer-1.1.6.tgz",
      "integrity": "sha512-NcdALwpXkTm5Zvvbk7owOUSvVvBKDgKP5/ewfXEznmQFfs4ZRmanOeKBTjRVjka3QFoN6XJ+9F3USqfHqTaU5w=="
    },
    "js-tokens": {
      "version": "4.0.0",
      "resolved": "https://registry.npmjs.org/js-tokens/-/js-tokens-4.0.0.tgz",
      "integrity": "sha512-RdJUflcE3cUzKiMqQgsCu06FPu9UdIJO0beYbPhHN4k6apgJtifcoCtT9bcxOpYBtpD2kCM6Sbzg4CausW/PKQ=="
    },
    "loose-envify": {
      "version": "1.4.0",
      "resolved": "https://registry.npmjs.org/loose-envify/-/loose-envify-1.4.0.tgz",
      "integrity": "sha512-lyuxPGr/Wfhrlem2CL/UcnUc1zcqKAImBDzukY7Y5F/yQiNdko6+fRLevlw1HgMySw7f611UIY408EtxRSoK3Q==",
      "requires": {
        "js-tokens": "^3.0.0 || ^4.0.0"
      }
    },
    "midgard-core": {
      "version": "0.0.16",
      "resolved": "https://npm-proxy.fury.io/humanitec/~/d/midgard-core/midgard-core-0.0.16",
      "integrity": "sha1-JVEjNTYxEbu+5d5SbN9KuWTEPEY=",
      "requires": {
        "axios": "^0.18.0",
        "axios-cancel": "^0.2.2",
        "redux": "^4.0.0",
        "rxjs": "6.3.2"
      }
    },
    "moment": {
      "version": "2.24.0",
      "resolved": "https://registry.npmjs.org/moment/-/moment-2.24.0.tgz",
      "integrity": "sha512-bV7f+6l2QigeBBZSM/6yTNq4P2fNpSWj/0e7jQcy87A8e7o2nAfP/34/2ky5Vw4B9S446EtIhodAzkFCcR4dQg=="
    },
    "ms": {
      "version": "2.1.1",
      "resolved": "https://registry.npmjs.org/ms/-/ms-2.1.1.tgz",
      "integrity": "sha512-tgp+dl5cGk28utYktBsrFqA7HKgrhgPsg6Z/EfhWI4gl1Hwq8B/GmY/0oXZ6nF8hDVesS/FpnYaD/kOWhYQvyg=="
    },
    "ngx-dropzone-wrapper": {
      "version": "7.2.1",
      "resolved": "https://registry.npmjs.org/ngx-dropzone-wrapper/-/ngx-dropzone-wrapper-7.2.1.tgz",
      "integrity": "sha512-gE09T4ombTSFzf9R+HmiVkxOjxa+JX9udC6rotpo3yhvNzTrSL1nFXmF9VKw6Yr1SUFl2xGyHDZ/Tkgk1jEczQ==",
      "requires": {
        "dropzone": "^5.5.0"
      }
    },
    "ngx-mydatepicker": {
      "version": "2.4.9",
      "resolved": "https://registry.npmjs.org/ngx-mydatepicker/-/ngx-mydatepicker-2.4.9.tgz",
      "integrity": "sha512-DEywuNdm/dBlQM6ublZFh8iFpMpu3nPZxWpeKVHz4ukppeo+OeJdxoq2ZacvLOEGCerY7u06i4KIEFy1LnXkbA=="
    },
    "redux": {
      "version": "4.0.1",
      "resolved": "https://registry.npmjs.org/redux/-/redux-4.0.1.tgz",
      "integrity": "sha512-R7bAtSkk7nY6O/OYMVR9RiBI+XghjF9rlbl5806HJbQph0LJVHZrU5oaO4q70eUKiqMRqm4y07KLTlMZ2BlVmg==",
      "requires": {
        "loose-envify": "^1.4.0",
        "symbol-observable": "^1.2.0"
      }
    },
    "redux-observable": {
      "version": "1.0.0",
      "resolved": "https://registry.npmjs.org/redux-observable/-/redux-observable-1.0.0.tgz",
      "integrity": "sha512-6bXnpqWTBeLaLQjXHyN1giXq4nLxCmv+SUkdmiwBgvmVxvDbdmydvL1Z7DGo0WItyzI/kqXQKiucUuTxnrPRkA=="
    },
    "rxjs": {
      "version": "6.3.2",
      "resolved": "https://registry.npmjs.org/rxjs/-/rxjs-6.3.2.tgz",
      "integrity": "sha512-hV7criqbR0pe7EeL3O66UYVg92IR0XsA97+9y+BWTePK9SKmEI5Qd3Zj6uPnGkNzXsBywBQWTvujPl+1Kn9Zjw==",
      "requires": {
        "tslib": "^1.9.0"
      }
    },
    "symbol-observable": {
      "version": "1.2.0",
      "resolved": "https://registry.npmjs.org/symbol-observable/-/symbol-observable-1.2.0.tgz",
      "integrity": "sha512-e900nM8RRtGhlV36KGEU9k65K3mPb1WV70OdjfxlG2EAuM1noi/E/BaW/uMhL7bPEssK8QV57vN3esixjUvcXQ=="
    },
    "tslib": {
      "version": "1.9.3",
      "resolved": "https://registry.npmjs.org/tslib/-/tslib-1.9.3.tgz",
      "integrity": "sha512-4krF8scpejhaOgqzBEcGM7yDIEfi0/8+8zDRZhNZZ2kjmHJ4hv3zCbQWxoJGz1iw5U0Jl0nma13xzHXcncMavQ=="
    }
  }
}
